
Microsoft Visual Studio Solution File, Format Version 12.00
# Visual Studio 15
VisualStudioVersion = 15.0.28010.2003
MinimumVisualStudioVersion = 10.0.40219.1
Project("{FAE04EC0-301F-11D3-BF4B-00C04F79EFBC}") = "Materialstepper.Xamarin", "Materialstepper.Xamarin\Materialstepper.Xamarin.csproj", "{DAD631E4-7FE7-42FB-8003-9D54B1BB09A0}"
EndProject
Global
	GlobalSection(SolutionConfigurationPlatforms) = preSolution
		Debug|Any CPU = Debug|Any CPU
		Release|Any CPU = Release|Any CPU
	EndGlobalSection
	GlobalSection(ProjectConfigurationPlatforms) = postSolution
		{DAD631E4-7FE7-42FB-8003-9D54B1BB09A0}.Debug|Any CPU.ActiveCfg = Debug|Any CPU
		{DAD631E4-7FE7-42FB-8003-9D54B1BB09A0}.Debug|Any CPU.Build.0 = Debug|Any CPU
		{DAD631E4-7FE7-42FB-8003-9D54B1BB09A0}.Release|Any CPU.ActiveCfg = Release|Any CPU
		{DAD631E4-7FE7-42FB-8003-9D54B1BB09A0}.Release|Any CPU.Build.0 = Release|Any CPU
	EndGlobalSection
	GlobalSection(SolutionProperties) = preSolution
		HideSolutionNode = FALSE
	EndGlobalSection
	GlobalSection(ExtensibilityGlobals) = postSolution
		SolutionGuid = {B20E3F6F-0033-4245-A875-09B5736C5AF4}
	EndGlobalSection
EndGlobal
